
Microsoft Visual Studio Solution File, Format Version 12.00
# Visual Studio Version 16
VisualStudioVersion = 25.0.1705.4
MinimumVisualStudioVersion = 10.0.40219.1
Project("{FAE04EC0-301F-11D3-BF4B-00C04F79EFBC}") = "FindElementInArray", "FindElementInArray\FindElementInArray.csproj", "{6B513EB4-AD82-4030-881D-F27B7E474CCC}"
EndProject
Global
	GlobalSection(SolutionConfigurationPlatforms) = preSolution
		Debug|Any CPU = Debug|Any CPU
		Release|Any CPU = Release|Any CPU
	EndGlobalSection
	GlobalSection(ProjectConfigurationPlatforms) = postSolution
		{6B513EB4-AD82-4030-881D-F27B7E474CCC}.Debug|Any CPU.ActiveCfg = Debug|Any CPU
		{6B513EB4-AD82-4030-881D-F27B7E474CCC}.Debug|Any CPU.Build.0 = Debug|Any CPU
		{6B513EB4-AD82-4030-881D-F27B7E474CCC}.Release|Any CPU.ActiveCfg = Release|Any CPU
		{6B513EB4-AD82-4030-881D-F27B7E474CCC}.Release|Any CPU.Build.0 = Release|Any CPU
	EndGlobalSection
	GlobalSection(SolutionProperties) = preSolution
		HideSolutionNode = FALSE
	EndGlobalSection
	GlobalSection(ExtensibilityGlobals) = postSolution
		SolutionGuid = {C2623E77-CEE5-4571-B97F-E76DB399BE8B}
	EndGlobalSection
EndGlobal
