
Microsoft Visual Studio Solution File, Format Version 12.00
# Visual Studio Version 16
VisualStudioVersion = 25.0.1705.4
MinimumVisualStudioVersion = 10.0.40219.1
Project("{FAE04EC0-301F-11D3-BF4B-00C04F79EFBC}") = "SnakeGame", "SnakeGame\SnakeGame.csproj", "{42002975-78A8-4A94-A103-B2D3BD6EE7CB}"
EndProject
Global
	GlobalSection(SolutionConfigurationPlatforms) = preSolution
		Debug|Any CPU = Debug|Any CPU
		Release|Any CPU = Release|Any CPU
	EndGlobalSection
	GlobalSection(ProjectConfigurationPlatforms) = postSolution
		{42002975-78A8-4A94-A103-B2D3BD6EE7CB}.Debug|Any CPU.ActiveCfg = Debug|Any CPU
		{42002975-78A8-4A94-A103-B2D3BD6EE7CB}.Debug|Any CPU.Build.0 = Debug|Any CPU
		{42002975-78A8-4A94-A103-B2D3BD6EE7CB}.Release|Any CPU.ActiveCfg = Release|Any CPU
		{42002975-78A8-4A94-A103-B2D3BD6EE7CB}.Release|Any CPU.Build.0 = Release|Any CPU
	EndGlobalSection
	GlobalSection(SolutionProperties) = preSolution
		HideSolutionNode = FALSE
	EndGlobalSection
	GlobalSection(ExtensibilityGlobals) = postSolution
		SolutionGuid = {6C48B007-3835-42FB-9642-1833A8E0EF51}
	EndGlobalSection
EndGlobal
