
Microsoft Visual Studio Solution File, Format Version 12.00
# Visual Studio Version 16
VisualStudioVersion = 25.0.1705.4
MinimumVisualStudioVersion = 10.0.40219.1
Project("{FAE04EC0-301F-11D3-BF4B-00C04F79EFBC}") = "SumofArray", "SumofArray\SumofArray.csproj", "{BC850C39-D404-44F6-97F9-2661D2E5E4C9}"
EndProject
Global
	GlobalSection(SolutionConfigurationPlatforms) = preSolution
		Debug|Any CPU = Debug|Any CPU
		Release|Any CPU = Release|Any CPU
	EndGlobalSection
	GlobalSection(ProjectConfigurationPlatforms) = postSolution
		{BC850C39-D404-44F6-97F9-2661D2E5E4C9}.Debug|Any CPU.ActiveCfg = Debug|Any CPU
		{BC850C39-D404-44F6-97F9-2661D2E5E4C9}.Debug|Any CPU.Build.0 = Debug|Any CPU
		{BC850C39-D404-44F6-97F9-2661D2E5E4C9}.Release|Any CPU.ActiveCfg = Release|Any CPU
		{BC850C39-D404-44F6-97F9-2661D2E5E4C9}.Release|Any CPU.Build.0 = Release|Any CPU
	EndGlobalSection
	GlobalSection(SolutionProperties) = preSolution
		HideSolutionNode = FALSE
	EndGlobalSection
	GlobalSection(ExtensibilityGlobals) = postSolution
		SolutionGuid = {0A83D6F0-6F03-4805-86EF-E9ED21121F1F}
	EndGlobalSection
EndGlobal
