
Microsoft Visual Studio Solution File, Format Version 12.00
# Visual Studio Version 16
VisualStudioVersion = 25.0.1705.6
MinimumVisualStudioVersion = 10.0.40219.1
Project("{FAE04EC0-301F-11D3-BF4B-00C04F79EFBC}") = "Animal_Class_Practice", "Animal_Class_Practice\Animal_Class_Practice.csproj", "{292C9DFE-0C34-4761-946E-7905414EE70C}"
EndProject
Global
	GlobalSection(SolutionConfigurationPlatforms) = preSolution
		Debug|Any CPU = Debug|Any CPU
		Release|Any CPU = Release|Any CPU
	EndGlobalSection
	GlobalSection(ProjectConfigurationPlatforms) = postSolution
		{292C9DFE-0C34-4761-946E-7905414EE70C}.Debug|Any CPU.ActiveCfg = Debug|Any CPU
		{292C9DFE-0C34-4761-946E-7905414EE70C}.Debug|Any CPU.Build.0 = Debug|Any CPU
		{292C9DFE-0C34-4761-946E-7905414EE70C}.Release|Any CPU.ActiveCfg = Release|Any CPU
		{292C9DFE-0C34-4761-946E-7905414EE70C}.Release|Any CPU.Build.0 = Release|Any CPU
	EndGlobalSection
	GlobalSection(SolutionProperties) = preSolution
		HideSolutionNode = FALSE
	EndGlobalSection
	GlobalSection(ExtensibilityGlobals) = postSolution
		SolutionGuid = {C02D0FB8-D797-4C38-8A0E-8CA8B88462C7}
	EndGlobalSection
EndGlobal
