
Microsoft Visual Studio Solution File, Format Version 12.00
# Visual Studio Version 16
VisualStudioVersion = 25.0.1705.4
MinimumVisualStudioVersion = 10.0.40219.1
Project("{FAE04EC0-301F-11D3-BF4B-00C04F79EFBC}") = "LoopStatement", "LoopStatement\LoopStatement.csproj", "{D248A887-CCA7-404E-95C1-F979738B0EEB}"
EndProject
Global
	GlobalSection(SolutionConfigurationPlatforms) = preSolution
		Debug|Any CPU = Debug|Any CPU
		Release|Any CPU = Release|Any CPU
	EndGlobalSection
	GlobalSection(ProjectConfigurationPlatforms) = postSolution
		{D248A887-CCA7-404E-95C1-F979738B0EEB}.Debug|Any CPU.ActiveCfg = Debug|Any CPU
		{D248A887-CCA7-404E-95C1-F979738B0EEB}.Debug|Any CPU.Build.0 = Debug|Any CPU
		{D248A887-CCA7-404E-95C1-F979738B0EEB}.Release|Any CPU.ActiveCfg = Release|Any CPU
		{D248A887-CCA7-404E-95C1-F979738B0EEB}.Release|Any CPU.Build.0 = Release|Any CPU
	EndGlobalSection
	GlobalSection(SolutionProperties) = preSolution
		HideSolutionNode = FALSE
	EndGlobalSection
	GlobalSection(ExtensibilityGlobals) = postSolution
		SolutionGuid = {4CCB0F77-3FF0-4545-913E-7C8549F54F35}
	EndGlobalSection
EndGlobal
