
Microsoft Visual Studio Solution File, Format Version 12.00
# Visual Studio Version 16
VisualStudioVersion = 25.0.1705.6
MinimumVisualStudioVersion = 10.0.40219.1
Project("{FAE04EC0-301F-11D3-BF4B-00C04F79EFBC}") = "FindMinInArray", "FindMinInArray\FindMinInArray.csproj", "{A48E6DDB-1FC4-4648-AAAD-B71A4A387499}"
EndProject
Global
	GlobalSection(SolutionConfigurationPlatforms) = preSolution
		Debug|Any CPU = Debug|Any CPU
		Release|Any CPU = Release|Any CPU
	EndGlobalSection
	GlobalSection(ProjectConfigurationPlatforms) = postSolution
		{A48E6DDB-1FC4-4648-AAAD-B71A4A387499}.Debug|Any CPU.ActiveCfg = Debug|Any CPU
		{A48E6DDB-1FC4-4648-AAAD-B71A4A387499}.Debug|Any CPU.Build.0 = Debug|Any CPU
		{A48E6DDB-1FC4-4648-AAAD-B71A4A387499}.Release|Any CPU.ActiveCfg = Release|Any CPU
		{A48E6DDB-1FC4-4648-AAAD-B71A4A387499}.Release|Any CPU.Build.0 = Release|Any CPU
	EndGlobalSection
	GlobalSection(SolutionProperties) = preSolution
		HideSolutionNode = FALSE
	EndGlobalSection
	GlobalSection(ExtensibilityGlobals) = postSolution
		SolutionGuid = {AFCD6D6F-6314-4F11-AF43-94D5746022C2}
	EndGlobalSection
EndGlobal
