
Microsoft Visual Studio Solution File, Format Version 12.00
# Visual Studio Version 16
VisualStudioVersion = 25.0.1705.4
MinimumVisualStudioVersion = 10.0.40219.1
Project("{FAE04EC0-301F-11D3-BF4B-00C04F79EFBC}") = "NameDisplay2", "NameDisplay2\NameDisplay2.csproj", "{544CD980-0673-46B2-8AB9-2A92710B2FDB}"
EndProject
Global
	GlobalSection(SolutionConfigurationPlatforms) = preSolution
		Debug|Any CPU = Debug|Any CPU
		Release|Any CPU = Release|Any CPU
	EndGlobalSection
	GlobalSection(ProjectConfigurationPlatforms) = postSolution
		{544CD980-0673-46B2-8AB9-2A92710B2FDB}.Debug|Any CPU.ActiveCfg = Debug|Any CPU
		{544CD980-0673-46B2-8AB9-2A92710B2FDB}.Debug|Any CPU.Build.0 = Debug|Any CPU
		{544CD980-0673-46B2-8AB9-2A92710B2FDB}.Release|Any CPU.ActiveCfg = Release|Any CPU
		{544CD980-0673-46B2-8AB9-2A92710B2FDB}.Release|Any CPU.Build.0 = Release|Any CPU
	EndGlobalSection
	GlobalSection(SolutionProperties) = preSolution
		HideSolutionNode = FALSE
	EndGlobalSection
	GlobalSection(ExtensibilityGlobals) = postSolution
		SolutionGuid = {AD9885E2-435D-46B4-97CD-D13987DC9DF0}
	EndGlobalSection
EndGlobal
