
Microsoft Visual Studio Solution File, Format Version 12.00
# Visual Studio Version 16
VisualStudioVersion = 25.0.1705.6
MinimumVisualStudioVersion = 10.0.40219.1
Project("{FAE04EC0-301F-11D3-BF4B-00C04F79EFBC}") = "Rectangle", "Rectangle\Rectangle.csproj", "{434355A6-1A37-4259-980C-25337DC02DAD}"
EndProject
Global
	GlobalSection(SolutionConfigurationPlatforms) = preSolution
		Debug|Any CPU = Debug|Any CPU
		Release|Any CPU = Release|Any CPU
	EndGlobalSection
	GlobalSection(ProjectConfigurationPlatforms) = postSolution
		{434355A6-1A37-4259-980C-25337DC02DAD}.Debug|Any CPU.ActiveCfg = Debug|Any CPU
		{434355A6-1A37-4259-980C-25337DC02DAD}.Debug|Any CPU.Build.0 = Debug|Any CPU
		{434355A6-1A37-4259-980C-25337DC02DAD}.Release|Any CPU.ActiveCfg = Release|Any CPU
		{434355A6-1A37-4259-980C-25337DC02DAD}.Release|Any CPU.Build.0 = Release|Any CPU
	EndGlobalSection
	GlobalSection(SolutionProperties) = preSolution
		HideSolutionNode = FALSE
	EndGlobalSection
	GlobalSection(ExtensibilityGlobals) = postSolution
		SolutionGuid = {0A34D269-3F36-4462-B7DD-A3EAD56FEA9C}
	EndGlobalSection
EndGlobal
